
Microsoft Visual Studio Solution File, Format Version 12.00
# Visual Studio 15
VisualStudioVersion = 15.0.27428.2037
MinimumVisualStudioVersion = 10.0.40219.1
Project("{FAE04EC0-301F-11D3-BF4B-00C04F79EFBC}") = "WebApiApp", "WebApiApp\WebApiApp.csproj", "{1E0DC62D-023A-4487-9A57-90F0A38ECE2C}"
EndProject
Global
	GlobalSection(SolutionConfigurationPlatforms) = preSolution
		Debug|Any CPU = Debug|Any CPU
		Release|Any CPU = Release|Any CPU
	EndGlobalSection
	GlobalSection(ProjectConfigurationPlatforms) = postSolution
		{1E0DC62D-023A-4487-9A57-90F0A38ECE2C}.Debug|Any CPU.ActiveCfg = Debug|Any CPU
		{1E0DC62D-023A-4487-9A57-90F0A38ECE2C}.Debug|Any CPU.Build.0 = Debug|Any CPU
		{1E0DC62D-023A-4487-9A57-90F0A38ECE2C}.Release|Any CPU.ActiveCfg = Release|Any CPU
		{1E0DC62D-023A-4487-9A57-90F0A38ECE2C}.Release|Any CPU.Build.0 = Release|Any CPU
	EndGlobalSection
	GlobalSection(SolutionProperties) = preSolution
		HideSolutionNode = FALSE
	EndGlobalSection
	GlobalSection(ExtensibilityGlobals) = postSolution
		SolutionGuid = {E080D4D6-C603-422A-8339-D7B853007716}
	EndGlobalSection
EndGlobal
