
Microsoft Visual Studio Solution File, Format Version 12.00
# Visual Studio 15
VisualStudioVersion = 15.0.27428.2037
MinimumVisualStudioVersion = 10.0.40219.1
Project("{FAE04EC0-301F-11D3-BF4B-00C04F79EFBC}") = "MvcApp", "MvcApp\MvcApp.csproj", "{455D04AC-6031-431F-9AB9-15418A6488AB}"
EndProject
Global
	GlobalSection(SolutionConfigurationPlatforms) = preSolution
		Debug|Any CPU = Debug|Any CPU
		Release|Any CPU = Release|Any CPU
	EndGlobalSection
	GlobalSection(ProjectConfigurationPlatforms) = postSolution
		{455D04AC-6031-431F-9AB9-15418A6488AB}.Debug|Any CPU.ActiveCfg = Debug|Any CPU
		{455D04AC-6031-431F-9AB9-15418A6488AB}.Debug|Any CPU.Build.0 = Debug|Any CPU
		{455D04AC-6031-431F-9AB9-15418A6488AB}.Release|Any CPU.ActiveCfg = Release|Any CPU
		{455D04AC-6031-431F-9AB9-15418A6488AB}.Release|Any CPU.Build.0 = Release|Any CPU
	EndGlobalSection
	GlobalSection(SolutionProperties) = preSolution
		HideSolutionNode = FALSE
	EndGlobalSection
	GlobalSection(ExtensibilityGlobals) = postSolution
		SolutionGuid = {E436E0A5-1176-4D54-A29F-C851B321E4C8}
	EndGlobalSection
EndGlobal
